
Microsoft Visual Studio Solution File, Format Version 12.00
# Visual Studio 15
VisualStudioVersion = 15.0.28307.1000
MinimumVisualStudioVersion = 10.0.40219.1
Project("{FAE04EC0-301F-11D3-BF4B-00C04F79EFBC}") = "RailwayStudio", "RailwayStudio\RailwayStudio.csproj", "{2F5EF077-363D-4BC7-9248-567A8BAA06FD}"
EndProject
Project("{FAE04EC0-301F-11D3-BF4B-00C04F79EFBC}") = "OTC.Core", "Libraries\OTC.Core\OTC.Core.csproj", "{6A159AB3-7D3D-4128-85C0-B65BDD73A68F}"
EndProject
Project("{FAE04EC0-301F-11D3-BF4B-00C04F79EFBC}") = "RailwayStudio.Collection", "Plugins\Collection\RailwayStudio.Collection.csproj", "{4A0F7F3F-9C83-4D7A-929B-9B27014A3CBC}"
EndProject
Project("{FAE04EC0-301F-11D3-BF4B-00C04F79EFBC}") = "RailwayStudio.Control", "Plugins\Control\RailwayStudio.Control.csproj", "{F5ECFBAB-6237-42FD-89C3-1AD2CA020201}"
EndProject
Project("{FAE04EC0-301F-11D3-BF4B-00C04F79EFBC}") = "OTC.Theme.SpDrS60SVG", "Themes\OTC.Theme.SpDrS60.SVG\OTC.Theme.SpDrS60SVG.csproj", "{2652304D-027B-4CCA-91CB-8E4A596D5B20}"
EndProject
Project("{2150E333-8FDC-42A3-9474-1A3956D46DE8}") = "Plugins", "Plugins", "{D2C65538-0A64-4DAD-88EF-19E9F07A889E}"
EndProject
Project("{2150E333-8FDC-42A3-9474-1A3956D46DE8}") = "Libraries", "Libraries", "{0808AA64-F52B-421A-8B10-552A0105A41B}"
EndProject
Project("{FAE04EC0-301F-11D3-BF4B-00C04F79EFBC}") = "RailwayStudio.Common", "Plugins\RailwayStudio.Common\RailwayStudio.Common\RailwayStudio.Common.csproj", "{930BA765-EC32-47E2-985D-CBF987FDB049}"
EndProject
Project("{2150E333-8FDC-42A3-9474-1A3956D46DE8}") = "Systems", "Systems", "{097EC755-0998-4578-8320-E862859E3263}"
EndProject
Project("{2150E333-8FDC-42A3-9474-1A3956D46DE8}") = "Themes", "Themes", "{2C33408B-5828-4223-AF50-6F6DB23EA17D}"
EndProject
Project("{FAE04EC0-301F-11D3-BF4B-00C04F79EFBC}") = "OTC.System.Lenz", "Systems\Lenz\OTC.System.Lenz.csproj", "{38275F5C-E9FB-4989-938D-8DE7324CC7CB}"
EndProject
Project("{FAE04EC0-301F-11D3-BF4B-00C04F79EFBC}") = "OTC.UI", "Libraries\OTC.UI\OTC.UI.csproj", "{D34BA3AB-ECAF-4A21-8168-95872A8AC3BA}"
EndProject
Global
	GlobalSection(SolutionConfigurationPlatforms) = preSolution
		Debug|Any CPU = Debug|Any CPU
		Debug|Mixed Platforms = Debug|Mixed Platforms
		Debug|x64 = Debug|x64
		Debug|x86 = Debug|x86
		Release|Any CPU = Release|Any CPU
		Release|Mixed Platforms = Release|Mixed Platforms
		Release|x64 = Release|x64
		Release|x86 = Release|x86
	EndGlobalSection
	GlobalSection(ProjectConfigurationPlatforms) = postSolution
		{2F5EF077-363D-4BC7-9248-567A8BAA06FD}.Debug|Any CPU.ActiveCfg = Debug|Any CPU
		{2F5EF077-363D-4BC7-9248-567A8BAA06FD}.Debug|Any CPU.Build.0 = Debug|Any CPU
		{2F5EF077-363D-4BC7-9248-567A8BAA06FD}.Debug|Mixed Platforms.ActiveCfg = Debug|Any CPU
		{2F5EF077-363D-4BC7-9248-567A8BAA06FD}.Debug|Mixed Platforms.Build.0 = Debug|Any CPU
		{2F5EF077-363D-4BC7-9248-567A8BAA06FD}.Debug|x64.ActiveCfg = Debug|x86
		{2F5EF077-363D-4BC7-9248-567A8BAA06FD}.Debug|x86.ActiveCfg = Debug|x86
		{2F5EF077-363D-4BC7-9248-567A8BAA06FD}.Debug|x86.Build.0 = Debug|x86
		{2F5EF077-363D-4BC7-9248-567A8BAA06FD}.Release|Any CPU.ActiveCfg = Release|x86
		{2F5EF077-363D-4BC7-9248-567A8BAA06FD}.Release|Mixed Platforms.ActiveCfg = Release|x86
		{2F5EF077-363D-4BC7-9248-567A8BAA06FD}.Release|Mixed Platforms.Build.0 = Release|x86
		{2F5EF077-363D-4BC7-9248-567A8BAA06FD}.Release|x64.ActiveCfg = Release|x86
		{2F5EF077-363D-4BC7-9248-567A8BAA06FD}.Release|x86.ActiveCfg = Release|x86
		{2F5EF077-363D-4BC7-9248-567A8BAA06FD}.Release|x86.Build.0 = Release|x86
		{6A159AB3-7D3D-4128-85C0-B65BDD73A68F}.Debug|Any CPU.ActiveCfg = Debug|Any CPU
		{6A159AB3-7D3D-4128-85C0-B65BDD73A68F}.Debug|Any CPU.Build.0 = Debug|Any CPU
		{6A159AB3-7D3D-4128-85C0-B65BDD73A68F}.Debug|Mixed Platforms.ActiveCfg = Debug|Any CPU
		{6A159AB3-7D3D-4128-85C0-B65BDD73A68F}.Debug|Mixed Platforms.Build.0 = Debug|Any CPU
		{6A159AB3-7D3D-4128-85C0-B65BDD73A68F}.Debug|x64.ActiveCfg = Debug|x64
		{6A159AB3-7D3D-4128-85C0-B65BDD73A68F}.Debug|x64.Build.0 = Debug|x64
		{6A159AB3-7D3D-4128-85C0-B65BDD73A68F}.Debug|x86.ActiveCfg = Debug|x86
		{6A159AB3-7D3D-4128-85C0-B65BDD73A68F}.Debug|x86.Build.0 = Debug|x86
		{6A159AB3-7D3D-4128-85C0-B65BDD73A68F}.Release|Any CPU.ActiveCfg = Release|Any CPU
		{6A159AB3-7D3D-4128-85C0-B65BDD73A68F}.Release|Any CPU.Build.0 = Release|Any CPU
		{6A159AB3-7D3D-4128-85C0-B65BDD73A68F}.Release|Mixed Platforms.ActiveCfg = Release|x86
		{6A159AB3-7D3D-4128-85C0-B65BDD73A68F}.Release|Mixed Platforms.Build.0 = Release|x86
		{6A159AB3-7D3D-4128-85C0-B65BDD73A68F}.Release|x64.ActiveCfg = Release|x64
		{6A159AB3-7D3D-4128-85C0-B65BDD73A68F}.Release|x64.Build.0 = Release|x64
		{6A159AB3-7D3D-4128-85C0-B65BDD73A68F}.Release|x86.ActiveCfg = Release|x86
		{6A159AB3-7D3D-4128-85C0-B65BDD73A68F}.Release|x86.Build.0 = Release|x86
		{4A0F7F3F-9C83-4D7A-929B-9B27014A3CBC}.Debug|Any CPU.ActiveCfg = Debug|Any CPU
		{4A0F7F3F-9C83-4D7A-929B-9B27014A3CBC}.Debug|Any CPU.Build.0 = Debug|Any CPU
		{4A0F7F3F-9C83-4D7A-929B-9B27014A3CBC}.Debug|Mixed Platforms.ActiveCfg = Debug|Any CPU
		{4A0F7F3F-9C83-4D7A-929B-9B27014A3CBC}.Debug|Mixed Platforms.Build.0 = Debug|Any CPU
		{4A0F7F3F-9C83-4D7A-929B-9B27014A3CBC}.Debug|x64.ActiveCfg = Debug|Any CPU
		{4A0F7F3F-9C83-4D7A-929B-9B27014A3CBC}.Debug|x86.ActiveCfg = Debug|Any CPU
		{4A0F7F3F-9C83-4D7A-929B-9B27014A3CBC}.Release|Any CPU.ActiveCfg = Release|Any CPU
		{4A0F7F3F-9C83-4D7A-929B-9B27014A3CBC}.Release|Any CPU.Build.0 = Release|Any CPU
		{4A0F7F3F-9C83-4D7A-929B-9B27014A3CBC}.Release|Mixed Platforms.ActiveCfg = Release|Any CPU
		{4A0F7F3F-9C83-4D7A-929B-9B27014A3CBC}.Release|Mixed Platforms.Build.0 = Release|Any CPU
		{4A0F7F3F-9C83-4D7A-929B-9B27014A3CBC}.Release|x64.ActiveCfg = Release|Any CPU
		{4A0F7F3F-9C83-4D7A-929B-9B27014A3CBC}.Release|x86.ActiveCfg = Release|Any CPU
		{F5ECFBAB-6237-42FD-89C3-1AD2CA020201}.Debug|Any CPU.ActiveCfg = Debug|Any CPU
		{F5ECFBAB-6237-42FD-89C3-1AD2CA020201}.Debug|Any CPU.Build.0 = Debug|Any CPU
		{F5ECFBAB-6237-42FD-89C3-1AD2CA020201}.Debug|Mixed Platforms.ActiveCfg = Debug|Any CPU
		{F5ECFBAB-6237-42FD-89C3-1AD2CA020201}.Debug|Mixed Platforms.Build.0 = Debug|Any CPU
		{F5ECFBAB-6237-42FD-89C3-1AD2CA020201}.Debug|x64.ActiveCfg = Debug|Any CPU
		{F5ECFBAB-6237-42FD-89C3-1AD2CA020201}.Debug|x86.ActiveCfg = Debug|Any CPU
		{F5ECFBAB-6237-42FD-89C3-1AD2CA020201}.Release|Any CPU.ActiveCfg = Release|Any CPU
		{F5ECFBAB-6237-42FD-89C3-1AD2CA020201}.Release|Any CPU.Build.0 = Release|Any CPU
		{F5ECFBAB-6237-42FD-89C3-1AD2CA020201}.Release|Mixed Platforms.ActiveCfg = Release|Any CPU
		{F5ECFBAB-6237-42FD-89C3-1AD2CA020201}.Release|Mixed Platforms.Build.0 = Release|Any CPU
		{F5ECFBAB-6237-42FD-89C3-1AD2CA020201}.Release|x64.ActiveCfg = Release|Any CPU
		{F5ECFBAB-6237-42FD-89C3-1AD2CA020201}.Release|x86.ActiveCfg = Release|Any CPU
		{2652304D-027B-4CCA-91CB-8E4A596D5B20}.Debug|Any CPU.ActiveCfg = Debug|Any CPU
		{2652304D-027B-4CCA-91CB-8E4A596D5B20}.Debug|Any CPU.Build.0 = Debug|Any CPU
		{2652304D-027B-4CCA-91CB-8E4A596D5B20}.Debug|Mixed Platforms.ActiveCfg = Debug|Any CPU
		{2652304D-027B-4CCA-91CB-8E4A596D5B20}.Debug|Mixed Platforms.Build.0 = Debug|Any CPU
		{2652304D-027B-4CCA-91CB-8E4A596D5B20}.Debug|x64.ActiveCfg = Debug|Any CPU
		{2652304D-027B-4CCA-91CB-8E4A596D5B20}.Debug|x86.ActiveCfg = Debug|Any CPU
		{2652304D-027B-4CCA-91CB-8E4A596D5B20}.Release|Any CPU.ActiveCfg = Release|Any CPU
		{2652304D-027B-4CCA-91CB-8E4A596D5B20}.Release|Any CPU.Build.0 = Release|Any CPU
		{2652304D-027B-4CCA-91CB-8E4A596D5B20}.Release|Mixed Platforms.ActiveCfg = Release|Any CPU
		{2652304D-027B-4CCA-91CB-8E4A596D5B20}.Release|Mixed Platforms.Build.0 = Release|Any CPU
		{2652304D-027B-4CCA-91CB-8E4A596D5B20}.Release|x64.ActiveCfg = Release|Any CPU
		{2652304D-027B-4CCA-91CB-8E4A596D5B20}.Release|x86.ActiveCfg = Release|Any CPU
		{930BA765-EC32-47E2-985D-CBF987FDB049}.Debug|Any CPU.ActiveCfg = Debug|Any CPU
		{930BA765-EC32-47E2-985D-CBF987FDB049}.Debug|Any CPU.Build.0 = Debug|Any CPU
		{930BA765-EC32-47E2-985D-CBF987FDB049}.Debug|Mixed Platforms.ActiveCfg = Debug|Any CPU
		{930BA765-EC32-47E2-985D-CBF987FDB049}.Debug|Mixed Platforms.Build.0 = Debug|Any CPU
		{930BA765-EC32-47E2-985D-CBF987FDB049}.Debug|x64.ActiveCfg = Debug|Any CPU
		{930BA765-EC32-47E2-985D-CBF987FDB049}.Debug|x86.ActiveCfg = Debug|Any CPU
		{930BA765-EC32-47E2-985D-CBF987FDB049}.Release|Any CPU.ActiveCfg = Release|Any CPU
		{930BA765-EC32-47E2-985D-CBF987FDB049}.Release|Any CPU.Build.0 = Release|Any CPU
		{930BA765-EC32-47E2-985D-CBF987FDB049}.Release|Mixed Platforms.ActiveCfg = Release|Any CPU
		{930BA765-EC32-47E2-985D-CBF987FDB049}.Release|Mixed Platforms.Build.0 = Release|Any CPU
		{930BA765-EC32-47E2-985D-CBF987FDB049}.Release|x64.ActiveCfg = Release|Any CPU
		{930BA765-EC32-47E2-985D-CBF987FDB049}.Release|x86.ActiveCfg = Release|Any CPU
		{38275F5C-E9FB-4989-938D-8DE7324CC7CB}.Debug|Any CPU.ActiveCfg = Debug|Any CPU
		{38275F5C-E9FB-4989-938D-8DE7324CC7CB}.Debug|Any CPU.Build.0 = Debug|Any CPU
		{38275F5C-E9FB-4989-938D-8DE7324CC7CB}.Debug|Mixed Platforms.ActiveCfg = Debug|Any CPU
		{38275F5C-E9FB-4989-938D-8DE7324CC7CB}.Debug|Mixed Platforms.Build.0 = Debug|Any CPU
		{38275F5C-E9FB-4989-938D-8DE7324CC7CB}.Debug|x64.ActiveCfg = Debug|Any CPU
		{38275F5C-E9FB-4989-938D-8DE7324CC7CB}.Debug|x86.ActiveCfg = Debug|Any CPU
		{38275F5C-E9FB-4989-938D-8DE7324CC7CB}.Release|Any CPU.ActiveCfg = Release|Any CPU
		{38275F5C-E9FB-4989-938D-8DE7324CC7CB}.Release|Any CPU.Build.0 = Release|Any CPU
		{38275F5C-E9FB-4989-938D-8DE7324CC7CB}.Release|Mixed Platforms.ActiveCfg = Release|Any CPU
		{38275F5C-E9FB-4989-938D-8DE7324CC7CB}.Release|Mixed Platforms.Build.0 = Release|Any CPU
		{38275F5C-E9FB-4989-938D-8DE7324CC7CB}.Release|x64.ActiveCfg = Release|Any CPU
		{38275F5C-E9FB-4989-938D-8DE7324CC7CB}.Release|x86.ActiveCfg = Release|Any CPU
		{D34BA3AB-ECAF-4A21-8168-95872A8AC3BA}.Debug|Any CPU.ActiveCfg = Debug|Any CPU
		{D34BA3AB-ECAF-4A21-8168-95872A8AC3BA}.Debug|Any CPU.Build.0 = Debug|Any CPU
		{D34BA3AB-ECAF-4A21-8168-95872A8AC3BA}.Debug|Mixed Platforms.ActiveCfg = Debug|Any CPU
		{D34BA3AB-ECAF-4A21-8168-95872A8AC3BA}.Debug|Mixed Platforms.Build.0 = Debug|Any CPU
		{D34BA3AB-ECAF-4A21-8168-95872A8AC3BA}.Debug|x64.ActiveCfg = Debug|Any CPU
		{D34BA3AB-ECAF-4A21-8168-95872A8AC3BA}.Debug|x86.ActiveCfg = Debug|Any CPU
		{D34BA3AB-ECAF-4A21-8168-95872A8AC3BA}.Release|Any CPU.ActiveCfg = Release|Any CPU
		{D34BA3AB-ECAF-4A21-8168-95872A8AC3BA}.Release|Any CPU.Build.0 = Release|Any CPU
		{D34BA3AB-ECAF-4A21-8168-95872A8AC3BA}.Release|Mixed Platforms.ActiveCfg = Release|Any CPU
		{D34BA3AB-ECAF-4A21-8168-95872A8AC3BA}.Release|Mixed Platforms.Build.0 = Release|Any CPU
		{D34BA3AB-ECAF-4A21-8168-95872A8AC3BA}.Release|x64.ActiveCfg = Release|Any CPU
		{D34BA3AB-ECAF-4A21-8168-95872A8AC3BA}.Release|x86.ActiveCfg = Release|Any CPU
	EndGlobalSection
	GlobalSection(SolutionProperties) = preSolution
		HideSolutionNode = FALSE
	EndGlobalSection
	GlobalSection(NestedProjects) = preSolution
		{6A159AB3-7D3D-4128-85C0-B65BDD73A68F} = {0808AA64-F52B-421A-8B10-552A0105A41B}
		{4A0F7F3F-9C83-4D7A-929B-9B27014A3CBC} = {D2C65538-0A64-4DAD-88EF-19E9F07A889E}
		{F5ECFBAB-6237-42FD-89C3-1AD2CA020201} = {D2C65538-0A64-4DAD-88EF-19E9F07A889E}
		{2652304D-027B-4CCA-91CB-8E4A596D5B20} = {2C33408B-5828-4223-AF50-6F6DB23EA17D}
		{930BA765-EC32-47E2-985D-CBF987FDB049} = {D2C65538-0A64-4DAD-88EF-19E9F07A889E}
		{38275F5C-E9FB-4989-938D-8DE7324CC7CB} = {097EC755-0998-4578-8320-E862859E3263}
		{D34BA3AB-ECAF-4A21-8168-95872A8AC3BA} = {0808AA64-F52B-421A-8B10-552A0105A41B}
	EndGlobalSection
	GlobalSection(ExtensibilityGlobals) = postSolution
		SolutionGuid = {332D613A-F222-4252-AD9C-5DD736E9CE4E}
	EndGlobalSection
EndGlobal
